
Microsoft Visual Studio Solution File, Format Version 12.00
# Visual Studio 15
VisualStudioVersion = 15.0.26730.16
MinimumVisualStudioVersion = 10.0.40219.1
Project("{FAE04EC0-301F-11D3-BF4B-00C04F79EFBC}") = "LimonDijital.WebApp", "LimonDijital.WebApp\LimonDijital.WebApp.csproj", "{DADAF43C-E479-4CC2-87BA-A807F5656646}"
EndProject
Project("{FAE04EC0-301F-11D3-BF4B-00C04F79EFBC}") = "LimonDijital.BusinessLayer", "LimonDijital.BusinessLayer\LimonDijital.BusinessLayer.csproj", "{D2A81852-5FAD-46FF-B286-F6629302BE86}"
EndProject
Project("{FAE04EC0-301F-11D3-BF4B-00C04F79EFBC}") = "LimonDijital.Common", "LimonDijital.Common\LimonDijital.Common.csproj", "{93198C63-F53D-49E0-8803-CB00EC503270}"
EndProject
Project("{FAE04EC0-301F-11D3-BF4B-00C04F79EFBC}") = "LimonDijital.Core", "LimonDijital.Core\LimonDijital.Core.csproj", "{4165F2A3-B84D-4D5A-8E65-E8E5B394A477}"
EndProject
Project("{FAE04EC0-301F-11D3-BF4B-00C04F79EFBC}") = "LimonDijital.DataAccessLayer", "LimonDijital.DataAccessLayer\LimonDijital.DataAccessLayer.csproj", "{65E0E557-400A-43C3-9DF2-C8DF2C73108B}"
EndProject
Project("{FAE04EC0-301F-11D3-BF4B-00C04F79EFBC}") = "LimonDijital.Entities", "LimonDijital.Entities\LimonDijital.Entities.csproj", "{C6E584F2-60FC-4E64-851C-BA2C1414A14C}"
EndProject
Global
	GlobalSection(SolutionConfigurationPlatforms) = preSolution
		Debug|Any CPU = Debug|Any CPU
		Release|Any CPU = Release|Any CPU
	EndGlobalSection
	GlobalSection(ProjectConfigurationPlatforms) = postSolution
		{DADAF43C-E479-4CC2-87BA-A807F5656646}.Debug|Any CPU.ActiveCfg = Debug|Any CPU
		{DADAF43C-E479-4CC2-87BA-A807F5656646}.Debug|Any CPU.Build.0 = Debug|Any CPU
		{DADAF43C-E479-4CC2-87BA-A807F5656646}.Release|Any CPU.ActiveCfg = Release|Any CPU
		{DADAF43C-E479-4CC2-87BA-A807F5656646}.Release|Any CPU.Build.0 = Release|Any CPU
		{D2A81852-5FAD-46FF-B286-F6629302BE86}.Debug|Any CPU.ActiveCfg = Debug|Any CPU
		{D2A81852-5FAD-46FF-B286-F6629302BE86}.Debug|Any CPU.Build.0 = Debug|Any CPU
		{D2A81852-5FAD-46FF-B286-F6629302BE86}.Release|Any CPU.ActiveCfg = Release|Any CPU
		{D2A81852-5FAD-46FF-B286-F6629302BE86}.Release|Any CPU.Build.0 = Release|Any CPU
		{93198C63-F53D-49E0-8803-CB00EC503270}.Debug|Any CPU.ActiveCfg = Debug|Any CPU
		{93198C63-F53D-49E0-8803-CB00EC503270}.Debug|Any CPU.Build.0 = Debug|Any CPU
		{93198C63-F53D-49E0-8803-CB00EC503270}.Release|Any CPU.ActiveCfg = Release|Any CPU
		{93198C63-F53D-49E0-8803-CB00EC503270}.Release|Any CPU.Build.0 = Release|Any CPU
		{4165F2A3-B84D-4D5A-8E65-E8E5B394A477}.Debug|Any CPU.ActiveCfg = Debug|Any CPU
		{4165F2A3-B84D-4D5A-8E65-E8E5B394A477}.Debug|Any CPU.Build.0 = Debug|Any CPU
		{4165F2A3-B84D-4D5A-8E65-E8E5B394A477}.Release|Any CPU.ActiveCfg = Release|Any CPU
		{4165F2A3-B84D-4D5A-8E65-E8E5B394A477}.Release|Any CPU.Build.0 = Release|Any CPU
		{65E0E557-400A-43C3-9DF2-C8DF2C73108B}.Debug|Any CPU.ActiveCfg = Debug|Any CPU
		{65E0E557-400A-43C3-9DF2-C8DF2C73108B}.Debug|Any CPU.Build.0 = Debug|Any CPU
		{65E0E557-400A-43C3-9DF2-C8DF2C73108B}.Release|Any CPU.ActiveCfg = Release|Any CPU
		{65E0E557-400A-43C3-9DF2-C8DF2C73108B}.Release|Any CPU.Build.0 = Release|Any CPU
		{C6E584F2-60FC-4E64-851C-BA2C1414A14C}.Debug|Any CPU.ActiveCfg = Debug|Any CPU
		{C6E584F2-60FC-4E64-851C-BA2C1414A14C}.Debug|Any CPU.Build.0 = Debug|Any CPU
		{C6E584F2-60FC-4E64-851C-BA2C1414A14C}.Release|Any CPU.ActiveCfg = Release|Any CPU
		{C6E584F2-60FC-4E64-851C-BA2C1414A14C}.Release|Any CPU.Build.0 = Release|Any CPU
	EndGlobalSection
	GlobalSection(SolutionProperties) = preSolution
		HideSolutionNode = FALSE
	EndGlobalSection
	GlobalSection(ExtensibilityGlobals) = postSolution
		SolutionGuid = {2145D529-2889-4030-915E-AE58C3FA1778}
	EndGlobalSection
EndGlobal
